// !$*UTF8*$!
{
	archiveVersion = 1;
	classes = {
	};
	objectVersion = 46;
	objects = {

/* Begin PBXBuildFile section */
		63DF4286151966E5000EE40C /* Cocoa.framework in Frameworks */ = {isa = PBXBuildFile; fileRef = 63DF4285151966E5000EE40C /* Cocoa.framework */; };
		63DF4290151966E5000EE40C /* InfoPlist.strings in Resources */ = {isa = PBXBuildFile; fileRef = 63DF428E151966E5000EE40C /* InfoPlist.strings */; };
		63DF4292151966E5000EE40C /* main.m in Sources */ = {isa = PBXBuildFile; fileRef = 63DF4291151966E5000EE40C /* main.m */; };
		63DF4296151966E5000EE40C /* Credits.rtf in Resources */ = {isa = PBXBuildFile; fileRef = 63DF4294151966E5000EE40C /* Credits.rtf */; };
		63DF4299151966E5000EE40C /* ShortCoAppDelegate.m in Sources */ = {isa = PBXBuildFile; fileRef = 63DF4298151966E5000EE40C /* ShortCoAppDelegate.m */; };
		63DF429C151966E5000EE40C /* MainMenu.xib in Resources */ = {isa = PBXBuildFile; fileRef = 63DF429A151966E5000EE40C /* MainMenu.xib */; };
		63DF429F151966E5000EE40C /* ShortCo.xcdatamodeld in Sources */ = {isa = PBXBuildFile; fileRef = 63DF429D151966E5000EE40C /* ShortCo.xcdatamodeld */; };
		63DF42A7151966E5000EE40C /* SenTestingKit.framework in Frameworks */ = {isa = PBXBuildFile; fileRef = 63DF42A6151966E5000EE40C /* SenTestingKit.framework */; };
		63DF42A8151966E5000EE40C /* Cocoa.framework in Frameworks */ = {isa = PBXBuildFile; fileRef = 63DF4285151966E5000EE40C /* Cocoa.framework */; };
		63DF42B0151966E5000EE40C /* InfoPlist.strings in Resources */ = {isa = PBXBuildFile; fileRef = 63DF42AE151966E5000EE40C /* InfoPlist.strings */; };
		63DF42B3151966E5000EE40C /* ShortCoTests.m in Sources */ = {isa = PBXBuildFile; fileRef = 63DF42B2151966E5000EE40C /* ShortCoTests.m */; };
		63DF42C615197607000EE40C /* ShortFetcher.m in Sources */ = {isa = PBXBuildFile; fileRef = 63DF42C515197607000EE40C /* ShortFetcher.m */; };
/* End PBXBuildFile section */

/* Begin PBXContainerItemProxy section */
		63DF42A9151966E5000EE40C /* PBXContainerItemProxy */ = {
			isa = PBXContainerItemProxy;
			containerPortal = 63DF4278151966E5000EE40C /* Project object */;
			proxyType = 1;
			remoteGlobalIDString = 63DF4280151966E5000EE40C;
			remoteInfo = ShortCo;
		};
/* End PBXContainerItemProxy section */

/* Begin PBXFileReference section */
		63DF4281151966E5000EE40C /* ShortCo.app */ = {isa = PBXFileReference; explicitFileType = wrapper.application; includeInIndex = 0; path = ShortCo.app; sourceTree = BUILT_PRODUCTS_DIR; };
		63DF4285151966E5000EE40C /* Cocoa.framework */ = {isa = PBXFileReference; lastKnownFileType = wrapper.framework; name = Cocoa.framework; path = System/Library/Frameworks/Cocoa.framework; sourceTree = SDKROOT; };
		63DF4288151966E5000EE40C /* AppKit.framework */ = {isa = PBXFileReference; lastKnownFileType = wrapper.framework; name = AppKit.framework; path = System/Library/Frameworks/AppKit.framework; sourceTree = SDKROOT; };
		63DF4289151966E5000EE40C /* CoreData.framework */ = {isa = PBXFileReference; lastKnownFileType = wrapper.framework; name = CoreData.framework; path = System/Library/Frameworks/CoreData.framework; sourceTree = SDKROOT; };
		63DF428A151966E5000EE40C /* Foundation.framework */ = {isa = PBXFileReference; lastKnownFileType = wrapper.framework; name = Foundation.framework; path = System/Library/Frameworks/Foundation.framework; sourceTree = SDKROOT; };
		63DF428D151966E5000EE40C /* ShortCo-Info.plist */ = {isa = PBXFileReference; lastKnownFileType = text.plist.xml; path = "ShortCo-Info.plist"; sourceTree = "<group>"; };
		63DF428F151966E5000EE40C /* en */ = {isa = PBXFileReference; lastKnownFileType = text.plist.strings; name = en; path = en.lproj/InfoPlist.strings; sourceTree = "<group>"; };
		63DF4291151966E5000EE40C /* main.m */ = {isa = PBXFileReference; lastKnownFileType = sourcecode.c.objc; path = main.m; sourceTree = "<group>"; };
		63DF4293151966E5000EE40C /* ShortCo-Prefix.pch */ = {isa = PBXFileReference; lastKnownFileType = sourcecode.c.h; path = "ShortCo-Prefix.pch"; sourceTree = "<group>"; };
		63DF4295151966E5000EE40C /* en */ = {isa = PBXFileReference; lastKnownFileType = text.rtf; name = en; path = en.lproj/Credits.rtf; sourceTree = "<group>"; };
		63DF4297151966E5000EE40C /* ShortCoAppDelegate.h */ = {isa = PBXFileReference; lastKnownFileType = sourcecode.c.h; path = ShortCoAppDelegate.h; sourceTree = "<group>"; };
		63DF4298151966E5000EE40C /* ShortCoAppDelegate.m */ = {isa = PBXFileReference; lastKnownFileType = sourcecode.c.objc; path = ShortCoAppDelegate.m; sourceTree = "<group>"; };
		63DF429B151966E5000EE40C /* en */ = {isa = PBXFileReference; lastKnownFileType = file.xib; name = en; path = en.lproj/MainMenu.xib; sourceTree = "<group>"; };
		63DF429E151966E5000EE40C /* ShortCo.xcdatamodel */ = {isa = PBXFileReference; lastKnownFileType = wrapper.xcdatamodel; path = ShortCo.xcdatamodel; sourceTree = "<group>"; };
		63DF42A5151966E5000EE40C /* ShortCoTests.octest */ = {isa = PBXFileReference; explicitFileType = wrapper.cfbundle; includeInIndex = 0; path = ShortCoTests.octest; sourceTree = BUILT_PRODUCTS_DIR; };
		63DF42A6151966E5000EE40C /* SenTestingKit.framework */ = {isa = PBXFileReference; lastKnownFileType = wrapper.framework; name = SenTestingKit.framework; path = Library/Frameworks/SenTestingKit.framework; sourceTree = DEVELOPER_DIR; };
		63DF42AD151966E5000EE40C /* ShortCoTests-Info.plist */ = {isa = PBXFileReference; lastKnownFileType = text.plist.xml; path = "ShortCoTests-Info.plist"; sourceTree = "<group>"; };
		63DF42AF151966E5000EE40C /* en */ = {isa = PBXFileReference; lastKnownFileType = text.plist.strings; name = en; path = en.lproj/InfoPlist.strings; sourceTree = "<group>"; };
		63DF42B1151966E5000EE40C /* ShortCoTests.h */ = {isa = PBXFileReference; lastKnownFileType = sourcecode.c.h; path = ShortCoTests.h; sourceTree = "<group>"; };
		63DF42B2151966E5000EE40C /* ShortCoTests.m */ = {isa = PBXFileReference; lastKnownFileType = sourcecode.c.objc; path = ShortCoTests.m; sourceTree = "<group>"; };
		63DF42C415197607000EE40C /* ShortFetcher.h */ = {isa = PBXFileReference; fileEncoding = 4; lastKnownFileType = sourcecode.c.h; path = ShortFetcher.h; sourceTree = "<group>"; };
		63DF42C515197607000EE40C /* ShortFetcher.m */ = {isa = PBXFileReference; fileEncoding = 4; lastKnownFileType = sourcecode.c.objc; path = ShortFetcher.m; sourceTree = "<group>"; };
/* End PBXFileReference section */

/* Begin PBXFrameworksBuildPhase section */
		63DF427E151966E5000EE40C /* Frameworks */ = {
			isa = PBXFrameworksBuildPhase;
			buildActionMask = 2147483647;
			files = (
				63DF4286151966E5000EE40C /* Cocoa.framework in Frameworks */,
			);
			runOnlyForDeploymentPostprocessing = 0;
		};
		63DF42A1151966E5000EE40C /* Frameworks */ = {
			isa = PBXFrameworksBuildPhase;
			buildActionMask = 2147483647;
			files = (
				63DF42A7151966E5000EE40C /* SenTestingKit.framework in Frameworks */,
				63DF42A8151966E5000EE40C /* Cocoa.framework in Frameworks */,
			);
			runOnlyForDeploymentPostprocessing = 0;
		};
/* End PBXFrameworksBuildPhase section */

/* Begin PBXGroup section */
		63DF4276151966E5000EE40C = {
			isa = PBXGroup;
			children = (
				63DF428B151966E5000EE40C /* ShortCo */,
				63DF42AB151966E5000EE40C /* ShortCoTests */,
				63DF4284151966E5000EE40C /* Frameworks */,
				63DF4282151966E5000EE40C /* Products */,
			);
			sourceTree = "<group>";
		};
		63DF4282151966E5000EE40C /* Products */ = {
			isa = PBXGroup;
			children = (
				63DF4281151966E5000EE40C /* ShortCo.app */,
				63DF42A5151966E5000EE40C /* ShortCoTests.octest */,
			);
			name = Products;
			sourceTree = "<group>";
		};
		63DF4284151966E5000EE40C /* Frameworks */ = {
			isa = PBXGroup;
			children = (
				63DF4285151966E5000EE40C /* Cocoa.framework */,
				63DF42A6151966E5000EE40C /* SenTestingKit.framework */,
				63DF4287151966E5000EE40C /* Other Frameworks */,
			);
			name = Frameworks;
			sourceTree = "<group>";
		};
		63DF4287151966E5000EE40C /* Other Frameworks */ = {
			isa = PBXGroup;
			children = (
				63DF4288151966E5000EE40C /* AppKit.framework */,
				63DF4289151966E5000EE40C /* CoreData.framework */,
				63DF428A151966E5000EE40C /* Foundation.framework */,
			);
			name = "Other Frameworks";
			sourceTree = "<group>";
		};
		63DF428B151966E5000EE40C /* ShortCo */ = {
			isa = PBXGroup;
			children = (
				63DF4297151966E5000EE40C /* ShortCoAppDelegate.h */,
				63DF4298151966E5000EE40C /* ShortCoAppDelegate.m */,
				63DF42C415197607000EE40C /* ShortFetcher.h */,
				63DF42C515197607000EE40C /* ShortFetcher.m */,
				63DF429A151966E5000EE40C /* MainMenu.xib */,
				63DF429D151966E5000EE40C /* ShortCo.xcdatamodeld */,
				63DF428C151966E5000EE40C /* Supporting Files */,
			);
			path = ShortCo;
			sourceTree = "<group>";
		};
		63DF428C151966E5000EE40C /* Supporting Files */ = {
			isa = PBXGroup;
			children = (
				63DF428D151966E5000EE40C /* ShortCo-Info.plist */,
				63DF428E151966E5000EE40C /* InfoPlist.strings */,
				63DF4291151966E5000EE40C /* main.m */,
				63DF4293151966E5000EE40C /* ShortCo-Prefix.pch */,
				63DF4294151966E5000EE40C /* Credits.rtf */,
			);
			name = "Supporting Files";
			sourceTree = "<group>";
		};
		63DF42AB151966E5000EE40C /* ShortCoTests */ = {
			isa = PBXGroup;
			children = (
				63DF42B1151966E5000EE40C /* ShortCoTests.h */,
				63DF42B2151966E5000EE40C /* ShortCoTests.m */,
				63DF42AC151966E5000EE40C /* Supporting Files */,
			);
			path = ShortCoTests;
			sourceTree = "<group>";
		};
		63DF42AC151966E5000EE40C /* Supporting Files */ = {
			isa = PBXGroup;
			children = (
				63DF42AD151966E5000EE40C /* ShortCoTests-Info.plist */,
				63DF42AE151966E5000EE40C /* InfoPlist.strings */,
			);
			name = "Supporting Files";
			sourceTree = "<group>";
		};
/* End PBXGroup section */

/* Begin PBXNativeTarget section */
		63DF4280151966E5000EE40C /* ShortCo */ = {
			isa = PBXNativeTarget;
			buildConfigurationList = 63DF42B6151966E5000EE40C /* Build configuration list for PBXNativeTarget "ShortCo" */;
			buildPhases = (
				63DF427D151966E5000EE40C /* Sources */,
				63DF427E151966E5000EE40C /* Frameworks */,
				63DF427F151966E5000EE40C /* Resources */,
			);
			buildRules = (
			);
			dependencies = (
			);
			name = ShortCo;
			productName = ShortCo;
			productReference = 63DF4281151966E5000EE40C /* ShortCo.app */;
			productType = "com.apple.product-type.application";
		};
		63DF42A4151966E5000EE40C /* ShortCoTests */ = {
			isa = PBXNativeTarget;
			buildConfigurationList = 63DF42B9151966E5000EE40C /* Build configuration list for PBXNativeTarget "ShortCoTests" */;
			buildPhases = (
				63DF42A0151966E5000EE40C /* Sources */,
				63DF42A1151966E5000EE40C /* Frameworks */,
				63DF42A2151966E5000EE40C /* Resources */,
				63DF42A3151966E5000EE40C /* ShellScript */,
			);
			buildRules = (
			);
			dependencies = (
				63DF42AA151966E5000EE40C /* PBXTargetDependency */,
			);
			name = ShortCoTests;
			productName = ShortCoTests;
			productReference = 63DF42A5151966E5000EE40C /* ShortCoTests.octest */;
			productType = "com.apple.product-type.bundle";
		};
/* End PBXNativeTarget section */

/* Begin PBXProject section */
		63DF4278151966E5000EE40C /* Project object */ = {
			isa = PBXProject;
			attributes = {
				LastUpgradeCheck = 0420;
			};
			buildConfigurationList = 63DF427B151966E5000EE40C /* Build configuration list for PBXProject "ShortCo" */;
			compatibilityVersion = "Xcode 3.2";
			developmentRegion = English;
			hasScannedForEncodings = 0;
			knownRegions = (
				en,
			);
			mainGroup = 63DF4276151966E5000EE40C;
			productRefGroup = 63DF4282151966E5000EE40C /* Products */;
			projectDirPath = "";
			projectRoot = "";
			targets = (
				63DF4280151966E5000EE40C /* ShortCo */,
				63DF42A4151966E5000EE40C /* ShortCoTests */,
			);
		};
/* End PBXProject section */

/* Begin PBXResourcesBuildPhase section */
		63DF427F151966E5000EE40C /* Resources */ = {
			isa = PBXResourcesBuildPhase;
			buildActionMask = 2147483647;
			files = (
				63DF4290151966E5000EE40C /* InfoPlist.strings in Resources */,
				63DF4296151966E5000EE40C /* Credits.rtf in Resources */,
				63DF429C151966E5000EE40C /* MainMenu.xib in Resources */,
			);
			runOnlyForDeploymentPostprocessing = 0;
		};
		63DF42A2151966E5000EE40C /* Resources */ = {
			isa = PBXResourcesBuildPhase;
			buildActionMask = 2147483647;
			files = (
				63DF42B0151966E5000EE40C /* InfoPlist.strings in Resources */,
			);
			runOnlyForDeploymentPostprocessing = 0;
		};
/* End PBXResourcesBuildPhase section */

/* Begin PBXShellScriptBuildPhase section */
		63DF42A3151966E5000EE40C /* ShellScript */ = {
			isa = PBXShellScriptBuildPhase;
			buildActionMask = 2147483647;
			files = (
			);
			inputPaths = (
			);
			outputPaths = (
			);
			runOnlyForDeploymentPostprocessing = 0;
			shellPath = /bin/sh;
			shellScript = "# Run the unit tests in this test bundle.\n\"${SYSTEM_DEVELOPER_DIR}/Tools/RunUnitTests\"\n";
		};
/* End PBXShellScriptBuildPhase section */

/* Begin PBXSourcesBuildPhase section */
		63DF427D151966E5000EE40C /* Sources */ = {
			isa = PBXSourcesBuildPhase;
			buildActionMask = 2147483647;
			files = (
				63DF4292151966E5000EE40C /* main.m in Sources */,
				63DF4299151966E5000EE40C /* ShortCoAppDelegate.m in Sources */,
				63DF429F151966E5000EE40C /* ShortCo.xcdatamodeld in Sources */,
				63DF42C615197607000EE40C /* ShortFetcher.m in Sources */,
			);
			runOnlyForDeploymentPostprocessing = 0;
		};
		63DF42A0151966E5000EE40C /* Sources */ = {
			isa = PBXSourcesBuildPhase;
			buildActionMask = 2147483647;
			files = (
				63DF42B3151966E5000EE40C /* ShortCoTests.m in Sources */,
			);
			runOnlyForDeploymentPostprocessing = 0;
		};
/* End PBXSourcesBuildPhase section */

/* Begin PBXTargetDependency section */
		63DF42AA151966E5000EE40C /* PBXTargetDependency */ = {
			isa = PBXTargetDependency;
			target = 63DF4280151966E5000EE40C /* ShortCo */;
			targetProxy = 63DF42A9151966E5000EE40C /* PBXContainerItemProxy */;
		};
/* End PBXTargetDependency section */

/* Begin PBXVariantGroup section */
		63DF428E151966E5000EE40C /* InfoPlist.strings */ = {
			isa = PBXVariantGroup;
			children = (
				63DF428F151966E5000EE40C /* en */,
			);
			name = InfoPlist.strings;
			sourceTree = "<group>";
		};
		63DF4294151966E5000EE40C /* Credits.rtf */ = {
			isa = PBXVariantGroup;
			children = (
				63DF4295151966E5000EE40C /* en */,
			);
			name = Credits.rtf;
			sourceTree = "<group>";
		};
		63DF429A151966E5000EE40C /* MainMenu.xib */ = {
			isa = PBXVariantGroup;
			children = (
				63DF429B151966E5000EE40C /* en */,
			);
			name = MainMenu.xib;
			sourceTree = "<group>";
		};
		63DF42AE151966E5000EE40C /* InfoPlist.strings */ = {
			isa = PBXVariantGroup;
			children = (
				63DF42AF151966E5000EE40C /* en */,
			);
			name = InfoPlist.strings;
			sourceTree = "<group>";
		};
/* End PBXVariantGroup section */

/* Begin XCBuildConfiguration section */
		63DF42B4151966E5000EE40C /* Debug */ = {
			isa = XCBuildConfiguration;
			buildSettings = {
				ALWAYS_SEARCH_USER_PATHS = NO;
				ARCHS = "$(ARCHS_STANDARD_64_BIT)";
				CLANG_ENABLE_OBJC_ARC = YES;
				COPY_PHASE_STRIP = NO;
				GCC_C_LANGUAGE_STANDARD = gnu99;
				GCC_DYNAMIC_NO_PIC = NO;
				GCC_ENABLE_OBJC_EXCEPTIONS = YES;
				GCC_OPTIMIZATION_LEVEL = 0;
				GCC_PREPROCESSOR_DEFINITIONS = (
					"DEBUG=1",
					"$(inherited)",
				);
				GCC_SYMBOLS_PRIVATE_EXTERN = NO;
				GCC_VERSION = com.apple.compilers.llvm.clang.1_0;
				GCC_WARN_64_TO_32_BIT_CONVERSION = YES;
				GCC_WARN_ABOUT_MISSING_PROTOTYPES = YES;
				GCC_WARN_ABOUT_RETURN_TYPE = YES;
				GCC_WARN_UNUSED_VARIABLE = YES;
				MACOSX_DEPLOYMENT_TARGET = 10.7;
				ONLY_ACTIVE_ARCH = YES;
				SDKROOT = macosx;
			};
			name = Debug;
		};
		63DF42B5151966E5000EE40C /* Release */ = {
			isa = XCBuildConfiguration;
			buildSettings = {
				ALWAYS_SEARCH_USER_PATHS = NO;
				ARCHS = "$(ARCHS_STANDARD_64_BIT)";
				CLANG_ENABLE_OBJC_ARC = YES;
				COPY_PHASE_STRIP = YES;
				DEBUG_INFORMATION_FORMAT = "dwarf-with-dsym";
				GCC_C_LANGUAGE_STANDARD = gnu99;
				GCC_ENABLE_OBJC_EXCEPTIONS = YES;
				GCC_VERSION = com.apple.compilers.llvm.clang.1_0;
				GCC_WARN_64_TO_32_BIT_CONVERSION = YES;
				GCC_WARN_ABOUT_MISSING_PROTOTYPES = YES;
				GCC_WARN_ABOUT_RETURN_TYPE = YES;
				GCC_WARN_UNUSED_VARIABLE = YES;
				MACOSX_DEPLOYMENT_TARGET = 10.7;
				SDKROOT = macosx;
			};
			name = Release;
		};
		63DF42B7151966E5000EE40C /* Debug */ = {
			isa = XCBuildConfiguration;
			buildSettings = {
				GCC_PRECOMPILE_PREFIX_HEADER = YES;
				GCC_PREFIX_HEADER = "ShortCo/ShortCo-Prefix.pch";
				INFOPLIST_FILE = "ShortCo/ShortCo-Info.plist";
				PRODUCT_NAME = "$(TARGET_NAME)";
				WRAPPER_EXTENSION = app;
			};
			name = Debug;
		};
		63DF42B8151966E5000EE40C /* Release */ = {
			isa = XCBuildConfiguration;
			buildSettings = {
				GCC_PRECOMPILE_PREFIX_HEADER = YES;
				GCC_PREFIX_HEADER = "ShortCo/ShortCo-Prefix.pch";
				INFOPLIST_FILE = "ShortCo/ShortCo-Info.plist";
				PRODUCT_NAME = "$(TARGET_NAME)";
				WRAPPER_EXTENSION = app;
			};
			name = Release;
		};
		63DF42BA151966E5000EE40C /* Debug */ = {
			isa = XCBuildConfiguration;
			buildSettings = {
				BUNDLE_LOADER = "$(BUILT_PRODUCTS_DIR)/ShortCo.app/Contents/MacOS/ShortCo";
				FRAMEWORK_SEARCH_PATHS = "$(DEVELOPER_LIBRARY_DIR)/Frameworks";
				GCC_PRECOMPILE_PREFIX_HEADER = YES;
				GCC_PREFIX_HEADER = "ShortCo/ShortCo-Prefix.pch";
				INFOPLIST_FILE = "ShortCoTests/ShortCoTests-Info.plist";
				PRODUCT_NAME = "$(TARGET_NAME)";
				TEST_HOST = "$(BUNDLE_LOADER)";
				WRAPPER_EXTENSION = octest;
			};
			name = Debug;
		};
		63DF42BB151966E5000EE40C /* Release */ = {
			isa = XCBuildConfiguration;
			buildSettings = {
				BUNDLE_LOADER = "$(BUILT_PRODUCTS_DIR)/ShortCo.app/Contents/MacOS/ShortCo";
				FRAMEWORK_SEARCH_PATHS = "$(DEVELOPER_LIBRARY_DIR)/Frameworks";
				GCC_PRECOMPILE_PREFIX_HEADER = YES;
				GCC_PREFIX_HEADER = "ShortCo/ShortCo-Prefix.pch";
				INFOPLIST_FILE = "ShortCoTests/ShortCoTests-Info.plist";
				PRODUCT_NAME = "$(TARGET_NAME)";
				TEST_HOST = "$(BUNDLE_LOADER)";
				WRAPPER_EXTENSION = octest;
			};
			name = Release;
		};
/* End XCBuildConfiguration section */

/* Begin XCConfigurationList section */
		63DF427B151966E5000EE40C /* Build configuration list for PBXProject "ShortCo" */ = {
			isa = XCConfigurationList;
			buildConfigurations = (
				63DF42B4151966E5000EE40C /* Debug */,
				63DF42B5151966E5000EE40C /* Release */,
			);
			defaultConfigurationIsVisible = 0;
			defaultConfigurationName = Release;
		};
		63DF42B6151966E5000EE40C /* Build configuration list for PBXNativeTarget "ShortCo" */ = {
			isa = XCConfigurationList;
			buildConfigurations = (
				63DF42B7151966E5000EE40C /* Debug */,
				63DF42B8151966E5000EE40C /* Release */,
			);
			defaultConfigurationIsVisible = 0;
		};
		63DF42B9151966E5000EE40C /* Build configuration list for PBXNativeTarget "ShortCoTests" */ = {
			isa = XCConfigurationList;
			buildConfigurations = (
				63DF42BA151966E5000EE40C /* Debug */,
				63DF42BB151966E5000EE40C /* Release */,
			);
			defaultConfigurationIsVisible = 0;
		};
/* End XCConfigurationList section */

/* Begin XCVersionGroup section */
		63DF429D151966E5000EE40C /* ShortCo.xcdatamodeld */ = {
			isa = XCVersionGroup;
			children = (
				63DF429E151966E5000EE40C /* ShortCo.xcdatamodel */,
			);
			currentVersion = 63DF429E151966E5000EE40C /* ShortCo.xcdatamodel */;
			path = ShortCo.xcdatamodeld;
			sourceTree = "<group>";
			versionGroupType = wrapper.xcdatamodel;
		};
/* End XCVersionGroup section */
	};
	rootObject = 63DF4278151966E5000EE40C /* Project object */;
}
